// !$*UTF8*$!
{
	archiveVersion = 1;
	classes = {
	};
	objectVersion = 46;
	objects = {

/* Begin PBXBuildFile section */
		7F34828A1D975A77003378F7 /* main.m in Sources */ = {isa = PBXBuildFile; fileRef = 7F3482891D975A77003378F7 /* main.m */; };
		7F34828D1D975A77003378F7 /* AppDelegate.m in Sources */ = {isa = PBXBuildFile; fileRef = 7F34828C1D975A77003378F7 /* AppDelegate.m */; };
		7F3482901D975A77003378F7 /* ViewController.m in Sources */ = {isa = PBXBuildFile; fileRef = 7F34828F1D975A77003378F7 /* ViewController.m */; };
		7F3482931D975A77003378F7 /* Main.storyboard in Resources */ = {isa = PBXBuildFile; fileRef = 7F3482911D975A77003378F7 /* Main.storyboard */; };
		7F3482951D975A77003378F7 /* Assets.xcassets in Resources */ = {isa = PBXBuildFile; fileRef = 7F3482941D975A77003378F7 /* Assets.xcassets */; };
		7F3482981D975A77003378F7 /* LaunchScreen.storyboard in Resources */ = {isa = PBXBuildFile; fileRef = 7F3482961D975A77003378F7 /* LaunchScreen.storyboard */; };
		7F3482A11D975AC5003378F7 /* StoryboardSegueProxy.m in Sources */ = {isa = PBXBuildFile; fileRef = 7F3482A01D975AC5003378F7 /* StoryboardSegueProxy.m */; };
		7F3482A41D97651F003378F7 /* CustomModal.m in Sources */ = {isa = PBXBuildFile; fileRef = 7F3482A31D97651F003378F7 /* CustomModal.m */; };
/* End PBXBuildFile section */

/* Begin PBXFileReference section */
		7F3482851D975A77003378F7 /* StoryboardProxy.app */ = {isa = PBXFileReference; explicitFileType = wrapper.application; includeInIndex = 0; path = StoryboardProxy.app; sourceTree = BUILT_PRODUCTS_DIR; };
		7F3482891D975A77003378F7 /* main.m */ = {isa = PBXFileReference; lastKnownFileType = sourcecode.c.objc; path = main.m; sourceTree = "<group>"; };
		7F34828B1D975A77003378F7 /* AppDelegate.h */ = {isa = PBXFileReference; lastKnownFileType = sourcecode.c.h; path = AppDelegate.h; sourceTree = "<group>"; };
		7F34828C1D975A77003378F7 /* AppDelegate.m */ = {isa = PBXFileReference; lastKnownFileType = sourcecode.c.objc; path = AppDelegate.m; sourceTree = "<group>"; };
		7F34828E1D975A77003378F7 /* ViewController.h */ = {isa = PBXFileReference; lastKnownFileType = sourcecode.c.h; path = ViewController.h; sourceTree = "<group>"; };
		7F34828F1D975A77003378F7 /* ViewController.m */ = {isa = PBXFileReference; lastKnownFileType = sourcecode.c.objc; path = ViewController.m; sourceTree = "<group>"; };
		7F3482921D975A77003378F7 /* Base */ = {isa = PBXFileReference; lastKnownFileType = file.storyboard; name = Base; path = Base.lproj/Main.storyboard; sourceTree = "<group>"; };
		7F3482941D975A77003378F7 /* Assets.xcassets */ = {isa = PBXFileReference; lastKnownFileType = folder.assetcatalog; path = Assets.xcassets; sourceTree = "<group>"; };
		7F3482971D975A77003378F7 /* Base */ = {isa = PBXFileReference; lastKnownFileType = file.storyboard; name = Base; path = Base.lproj/LaunchScreen.storyboard; sourceTree = "<group>"; };
		7F3482991D975A77003378F7 /* Info.plist */ = {isa = PBXFileReference; lastKnownFileType = text.plist.xml; path = Info.plist; sourceTree = "<group>"; };
		7F34829F1D975AC5003378F7 /* StoryboardSegueProxy.h */ = {isa = PBXFileReference; fileEncoding = 4; lastKnownFileType = sourcecode.c.h; path = StoryboardSegueProxy.h; sourceTree = "<group>"; };
		7F3482A01D975AC5003378F7 /* StoryboardSegueProxy.m */ = {isa = PBXFileReference; fileEncoding = 4; lastKnownFileType = sourcecode.c.objc; path = StoryboardSegueProxy.m; sourceTree = "<group>"; };
		7F3482A21D97651F003378F7 /* CustomModal.h */ = {isa = PBXFileReference; fileEncoding = 4; lastKnownFileType = sourcecode.c.h; path = CustomModal.h; sourceTree = "<group>"; };
		7F3482A31D97651F003378F7 /* CustomModal.m */ = {isa = PBXFileReference; fileEncoding = 4; lastKnownFileType = sourcecode.c.objc; path = CustomModal.m; sourceTree = "<group>"; };
/* End PBXFileReference section */

/* Begin PBXFrameworksBuildPhase section */
		7F3482821D975A76003378F7 /* Frameworks */ = {
			isa = PBXFrameworksBuildPhase;
			buildActionMask = 2147483647;
			files = (
			);
			runOnlyForDeploymentPostprocessing = 0;
		};
/* End PBXFrameworksBuildPhase section */

/* Begin PBXGroup section */
		7F34827C1D975A76003378F7 = {
			isa = PBXGroup;
			children = (
				7F3482871D975A77003378F7 /* StoryboardProxy */,
				7F3482861D975A77003378F7 /* Products */,
			);
			sourceTree = "<group>";
		};
		7F3482861D975A77003378F7 /* Products */ = {
			isa = PBXGroup;
			children = (
				7F3482851D975A77003378F7 /* StoryboardProxy.app */,
			);
			name = Products;
			sourceTree = "<group>";
		};
		7F3482871D975A77003378F7 /* StoryboardProxy */ = {
			isa = PBXGroup;
			children = (
				7F34828B1D975A77003378F7 /* AppDelegate.h */,
				7F34828C1D975A77003378F7 /* AppDelegate.m */,
				7F34828E1D975A77003378F7 /* ViewController.h */,
				7F34828F1D975A77003378F7 /* ViewController.m */,
				7F3482A21D97651F003378F7 /* CustomModal.h */,
				7F3482A31D97651F003378F7 /* CustomModal.m */,
				7F34829F1D975AC5003378F7 /* StoryboardSegueProxy.h */,
				7F3482A01D975AC5003378F7 /* StoryboardSegueProxy.m */,
				7F3482911D975A77003378F7 /* Main.storyboard */,
				7F3482941D975A77003378F7 /* Assets.xcassets */,
				7F3482961D975A77003378F7 /* LaunchScreen.storyboard */,
				7F3482991D975A77003378F7 /* Info.plist */,
				7F3482881D975A77003378F7 /* Supporting Files */,
			);
			path = StoryboardProxy;
			sourceTree = "<group>";
		};
		7F3482881D975A77003378F7 /* Supporting Files */ = {
			isa = PBXGroup;
			children = (
				7F3482891D975A77003378F7 /* main.m */,
			);
			name = "Supporting Files";
			sourceTree = "<group>";
		};
/* End PBXGroup section */

/* Begin PBXNativeTarget section */
		7F3482841D975A76003378F7 /* StoryboardProxy */ = {
			isa = PBXNativeTarget;
			buildConfigurationList = 7F34829C1D975A77003378F7 /* Build configuration list for PBXNativeTarget "StoryboardProxy" */;
			buildPhases = (
				7F3482811D975A76003378F7 /* Sources */,
				7F3482821D975A76003378F7 /* Frameworks */,
				7F3482831D975A76003378F7 /* Resources */,
			);
			buildRules = (
			);
			dependencies = (
			);
			name = StoryboardProxy;
			productName = StoryboardProxy;
			productReference = 7F3482851D975A77003378F7 /* StoryboardProxy.app */;
			productType = "com.apple.product-type.application";
		};
/* End PBXNativeTarget section */

/* Begin PBXProject section */
		7F34827D1D975A76003378F7 /* Project object */ = {
			isa = PBXProject;
			attributes = {
				LastUpgradeCheck = 0800;
				ORGANIZATIONNAME = "Derrick Ho";
				TargetAttributes = {
					7F3482841D975A76003378F7 = {
						CreatedOnToolsVersion = 8.0;
						ProvisioningStyle = Automatic;
					};
				};
			};
			buildConfigurationList = 7F3482801D975A76003378F7 /* Build configuration list for PBXProject "StoryboardProxy" */;
			compatibilityVersion = "Xcode 3.2";
			developmentRegion = English;
			hasScannedForEncodings = 0;
			knownRegions = (
				en,
				Base,
			);
			mainGroup = 7F34827C1D975A76003378F7;
			productRefGroup = 7F3482861D975A77003378F7 /* Products */;
			projectDirPath = "";
			projectRoot = "";
			targets = (
				7F3482841D975A76003378F7 /* StoryboardProxy */,
			);
		};
/* End PBXProject section */

/* Begin PBXResourcesBuildPhase section */
		7F3482831D975A76003378F7 /* Resources */ = {
			isa = PBXResourcesBuildPhase;
			buildActionMask = 2147483647;
			files = (
				7F3482981D975A77003378F7 /* LaunchScreen.storyboard in Resources */,
				7F3482951D975A77003378F7 /* Assets.xcassets in Resources */,
				7F3482931D975A77003378F7 /* Main.storyboard in Resources */,
			);
			runOnlyForDeploymentPostprocessing = 0;
		};
/* End PBXResourcesBuildPhase section */

/* Begin PBXSourcesBuildPhase section */
		7F3482811D975A76003378F7 /* Sources */ = {
			isa = PBXSourcesBuildPhase;
			buildActionMask = 2147483647;
			files = (
				7F3482901D975A77003378F7 /* ViewController.m in Sources */,
				7F34828D1D975A77003378F7 /* AppDelegate.m in Sources */,
				7F34828A1D975A77003378F7 /* main.m in Sources */,
				7F3482A11D975AC5003378F7 /* StoryboardSegueProxy.m in Sources */,
				7F3482A41D97651F003378F7 /* CustomModal.m in Sources */,
			);
			runOnlyForDeploymentPostprocessing = 0;
		};
/* End PBXSourcesBuildPhase section */

/* Begin PBXVariantGroup section */
		7F3482911D975A77003378F7 /* Main.storyboard */ = {
			isa = PBXVariantGroup;
			children = (
				7F3482921D975A77003378F7 /* Base */,
			);
			name = Main.storyboard;
			sourceTree = "<group>";
		};
		7F3482961D975A77003378F7 /* LaunchScreen.storyboard */ = {
			isa = PBXVariantGroup;
			children = (
				7F3482971D975A77003378F7 /* Base */,
			);
			name = LaunchScreen.storyboard;
			sourceTree = "<group>";
		};
/* End PBXVariantGroup section */

/* Begin XCBuildConfiguration section */
		7F34829A1D975A77003378F7 /* Debug */ = {
			isa = XCBuildConfiguration;
			buildSettings = {
				ALWAYS_SEARCH_USER_PATHS = NO;
				CLANG_ANALYZER_NONNULL = YES;
				CLANG_CXX_LANGUAGE_STANDARD = "gnu++0x";
				CLANG_CXX_LIBRARY = "libc++";
				CLANG_ENABLE_MODULES = YES;
				CLANG_ENABLE_OBJC_ARC = YES;
				CLANG_WARN_BOOL_CONVERSION = YES;
				CLANG_WARN_CONSTANT_CONVERSION = YES;
				CLANG_WARN_DIRECT_OBJC_ISA_USAGE = YES_ERROR;
				CLANG_WARN_DOCUMENTATION_COMMENTS = YES;
				CLANG_WARN_EMPTY_BODY = YES;
				CLANG_WARN_ENUM_CONVERSION = YES;
				CLANG_WARN_INFINITE_RECURSION = YES;
				CLANG_WARN_INT_CONVERSION = YES;
				CLANG_WARN_OBJC_ROOT_CLASS = YES_ERROR;
				CLANG_WARN_SUSPICIOUS_MOVES = YES;
				CLANG_WARN_UNREACHABLE_CODE = YES;
				CLANG_WARN__DUPLICATE_METHOD_MATCH = YES;
				"CODE_SIGN_IDENTITY[sdk=iphoneos*]" = "iPhone Developer";
				COPY_PHASE_STRIP = NO;
				DEBUG_INFORMATION_FORMAT = dwarf;
				ENABLE_STRICT_OBJC_MSGSEND = YES;
				ENABLE_TESTABILITY = YES;
				GCC_C_LANGUAGE_STANDARD = gnu99;
				GCC_DYNAMIC_NO_PIC = NO;
				GCC_NO_COMMON_BLOCKS = YES;
				GCC_OPTIMIZATION_LEVEL = 0;
				GCC_PREPROCESSOR_DEFINITIONS = (
					"DEBUG=1",
					"$(inherited)",
				);
				GCC_WARN_64_TO_32_BIT_CONVERSION = YES;
				GCC_WARN_ABOUT_RETURN_TYPE = YES_ERROR;
				GCC_WARN_UNDECLARED_SELECTOR = YES;
				GCC_WARN_UNINITIALIZED_AUTOS = YES_AGGRESSIVE;
				GCC_WARN_UNUSED_FUNCTION = YES;
				GCC_WARN_UNUSED_VARIABLE = YES;
				IPHONEOS_DEPLOYMENT_TARGET = 10.0;
				MTL_ENABLE_DEBUG_INFO = YES;
				ONLY_ACTIVE_ARCH = YES;
				SDKROOT = iphoneos;
				TARGETED_DEVICE_FAMILY = "1,2";
			};
			name = Debug;
		};
		7F34829B1D975A77003378F7 /* Release */ = {
			isa = XCBuildConfiguration;
			buildSettings = {
				ALWAYS_SEARCH_USER_PATHS = NO;
				CLANG_ANALYZER_NONNULL = YES;
				CLANG_CXX_LANGUAGE_STANDARD = "gnu++0x";
				CLANG_CXX_LIBRARY = "libc++";
				CLANG_ENABLE_MODULES = YES;
				CLANG_ENABLE_OBJC_ARC = YES;
				CLANG_WARN_BOOL_CONVERSION = YES;
				CLANG_WARN_CONSTANT_CONVERSION = YES;
				CLANG_WARN_DIRECT_OBJC_ISA_USAGE = YES_ERROR;
				CLANG_WARN_DOCUMENTATION_COMMENTS = YES;
				CLANG_WARN_EMPTY_BODY = YES;
				CLANG_WARN_ENUM_CONVERSION = YES;
				CLANG_WARN_INFINITE_RECURSION = YES;
				CLANG_WARN_INT_CONVERSION = YES;
				CLANG_WARN_OBJC_ROOT_CLASS = YES_ERROR;
				CLANG_WARN_SUSPICIOUS_MOVES = YES;
				CLANG_WARN_UNREACHABLE_CODE = YES;
				CLANG_WARN__DUPLICATE_METHOD_MATCH = YES;
				"CODE_SIGN_IDENTITY[sdk=iphoneos*]" = "iPhone Developer";
				COPY_PHASE_STRIP = NO;
				DEBUG_INFORMATION_FORMAT = "dwarf-with-dsym";
				ENABLE_NS_ASSERTIONS = NO;
				ENABLE_STRICT_OBJC_MSGSEND = YES;
				GCC_C_LANGUAGE_STANDARD = gnu99;
				GCC_NO_COMMON_BLOCKS = YES;
				GCC_WARN_64_TO_32_BIT_CONVERSION = YES;
				GCC_WARN_ABOUT_RETURN_TYPE = YES_ERROR;
				GCC_WARN_UNDECLARED_SELECTOR = YES;
				GCC_WARN_UNINITIALIZED_AUTOS = YES_AGGRESSIVE;
				GCC_WARN_UNUSED_FUNCTION = YES;
				GCC_WARN_UNUSED_VARIABLE = YES;
				IPHONEOS_DEPLOYMENT_TARGET = 10.0;
				MTL_ENABLE_DEBUG_INFO = NO;
				SDKROOT = iphoneos;
				TARGETED_DEVICE_FAMILY = "1,2";
				VALIDATE_PRODUCT = YES;
			};
			name = Release;
		};
		7F34829D1D975A77003378F7 /* Debug */ = {
			isa = XCBuildConfiguration;
			buildSettings = {
				ASSETCATALOG_COMPILER_APPICON_NAME = AppIcon;
				INFOPLIST_FILE = StoryboardProxy/Info.plist;
				LD_RUNPATH_SEARCH_PATHS = "$(inherited) @executable_path/Frameworks";
				PRODUCT_BUNDLE_IDENTIFIER = dnthome.StoryboardProxy;
				PRODUCT_NAME = "$(TARGET_NAME)";
			};
			name = Debug;
		};
		7F34829E1D975A77003378F7 /* Release */ = {
			isa = XCBuildConfiguration;
			buildSettings = {
				ASSETCATALOG_COMPILER_APPICON_NAME = AppIcon;
				INFOPLIST_FILE = StoryboardProxy/Info.plist;
				LD_RUNPATH_SEARCH_PATHS = "$(inherited) @executable_path/Frameworks";
				PRODUCT_BUNDLE_IDENTIFIER = dnthome.StoryboardProxy;
				PRODUCT_NAME = "$(TARGET_NAME)";
			};
			name = Release;
		};
/* End XCBuildConfiguration section */

/* Begin XCConfigurationList section */
		7F3482801D975A76003378F7 /* Build configuration list for PBXProject "StoryboardProxy" */ = {
			isa = XCConfigurationList;
			buildConfigurations = (
				7F34829A1D975A77003378F7 /* Debug */,
				7F34829B1D975A77003378F7 /* Release */,
			);
			defaultConfigurationIsVisible = 0;
			defaultConfigurationName = Release;
		};
		7F34829C1D975A77003378F7 /* Build configuration list for PBXNativeTarget "StoryboardProxy" */ = {
			isa = XCConfigurationList;
			buildConfigurations = (
				7F34829D1D975A77003378F7 /* Debug */,
				7F34829E1D975A77003378F7 /* Release */,
			);
			defaultConfigurationIsVisible = 0;
		};
/* End XCConfigurationList section */
	};
	rootObject = 7F34827D1D975A76003378F7 /* Project object */;
}
